
Microsoft Visual Studio Solution File, Format Version 12.00
# Visual Studio 15
VisualStudioVersion = 15.0.27004.2002
MinimumVisualStudioVersion = 10.0.40219.1
Project("{9A19103F-16F7-4668-BE54-9A1E7A4F7556}") = "Wikiled.Server.Core", "Wikiled.Server.Core\Wikiled.Server.Core.csproj", "{9349E076-BEEC-4BAE-94A5-6CBDE0D99BDB}"
EndProject
Project("{FAE04EC0-301F-11D3-BF4B-00C04F79EFBC}") = "Wikiled.Server.Core.Tests", "Wikiled.Server.Core.Tests\Wikiled.Server.Core.Tests.csproj", "{22DA5238-E457-4BE3-A5A8-D843E31215C8}"
EndProject
Project("{FAE04EC0-301F-11D3-BF4B-00C04F79EFBC}") = "Wikiled.Server.Core.Testing", "Wikiled.Server.Core.Testing\Wikiled.Server.Core.Testing.csproj", "{1F6B7E1D-D850-4A5F-B7D7-57C70708C88B}"
EndProject
Global
	GlobalSection(SolutionConfigurationPlatforms) = preSolution
		Debug|Any CPU = Debug|Any CPU
		Release|Any CPU = Release|Any CPU
	EndGlobalSection
	GlobalSection(ProjectConfigurationPlatforms) = postSolution
		{9349E076-BEEC-4BAE-94A5-6CBDE0D99BDB}.Debug|Any CPU.ActiveCfg = Debug|Any CPU
		{9349E076-BEEC-4BAE-94A5-6CBDE0D99BDB}.Debug|Any CPU.Build.0 = Debug|Any CPU
		{9349E076-BEEC-4BAE-94A5-6CBDE0D99BDB}.Release|Any CPU.ActiveCfg = Release|Any CPU
		{9349E076-BEEC-4BAE-94A5-6CBDE0D99BDB}.Release|Any CPU.Build.0 = Release|Any CPU
		{22DA5238-E457-4BE3-A5A8-D843E31215C8}.Debug|Any CPU.ActiveCfg = Debug|Any CPU
		{22DA5238-E457-4BE3-A5A8-D843E31215C8}.Debug|Any CPU.Build.0 = Debug|Any CPU
		{22DA5238-E457-4BE3-A5A8-D843E31215C8}.Release|Any CPU.ActiveCfg = Release|Any CPU
		{22DA5238-E457-4BE3-A5A8-D843E31215C8}.Release|Any CPU.Build.0 = Release|Any CPU
		{1F6B7E1D-D850-4A5F-B7D7-57C70708C88B}.Debug|Any CPU.ActiveCfg = Debug|Any CPU
		{1F6B7E1D-D850-4A5F-B7D7-57C70708C88B}.Debug|Any CPU.Build.0 = Debug|Any CPU
		{1F6B7E1D-D850-4A5F-B7D7-57C70708C88B}.Release|Any CPU.ActiveCfg = Release|Any CPU
		{1F6B7E1D-D850-4A5F-B7D7-57C70708C88B}.Release|Any CPU.Build.0 = Release|Any CPU
	EndGlobalSection
	GlobalSection(SolutionProperties) = preSolution
		HideSolutionNode = FALSE
	EndGlobalSection
	GlobalSection(ExtensibilityGlobals) = postSolution
		SolutionGuid = {C1D0A27A-ACB8-47BE-A573-51167EC76241}
	EndGlobalSection
EndGlobal
